
Microsoft Visual Studio Solution File, Format Version 12.00
# Visual Studio Version 17
VisualStudioVersion = 17.14.36121.58
MinimumVisualStudioVersion = 10.0.40219.1
Project("{FAE04EC0-301F-11D3-BF4B-00C04F79EFBC}") = "Task Management Console 1.1", "Task Management Console 1.1\Task Management Console 1.1.csproj", "{1E4E0071-3DB9-40F8-8D60-EB5F173883FB}"
EndProject
Global
	GlobalSection(SolutionConfigurationPlatforms) = preSolution
		Debug|Any CPU = Debug|Any CPU
		Release|Any CPU = Release|Any CPU
	EndGlobalSection
	GlobalSection(ProjectConfigurationPlatforms) = postSolution
		{1E4E0071-3DB9-40F8-8D60-EB5F173883FB}.Debug|Any CPU.ActiveCfg = Debug|Any CPU
		{1E4E0071-3DB9-40F8-8D60-EB5F173883FB}.Debug|Any CPU.Build.0 = Debug|Any CPU
		{1E4E0071-3DB9-40F8-8D60-EB5F173883FB}.Release|Any CPU.ActiveCfg = Release|Any CPU
		{1E4E0071-3DB9-40F8-8D60-EB5F173883FB}.Release|Any CPU.Build.0 = Release|Any CPU
	EndGlobalSection
	GlobalSection(SolutionProperties) = preSolution
		HideSolutionNode = FALSE
	EndGlobalSection
	GlobalSection(ExtensibilityGlobals) = postSolution
		SolutionGuid = {B125ED62-DFC0-490E-85B8-F3206646DC5C}
	EndGlobalSection
EndGlobal
